
Microsoft Visual Studio Solution File, Format Version 12.00
# Visual Studio 15
VisualStudioVersion = 15.0.26124.0
MinimumVisualStudioVersion = 15.0.26124.0
Project("{FAE04EC0-301F-11D3-BF4B-00C04F79EFBC}") = "RepairShop.Shared", "RepairShop.Shared\RepairShop.Shared.csproj", "{3A8B1245-DF44-45A9-86A9-605D26619508}"
EndProject
Project("{FAE04EC0-301F-11D3-BF4B-00C04F79EFBC}") = "RepairShop.Client", "RepairShop.Client\RepairShop.Client.csproj", "{AB1DCECB-B5B0-447F-8BF5-CF1B278FC1AE}"
EndProject
Project("{FAE04EC0-301F-11D3-BF4B-00C04F79EFBC}") = "RepairShop.Server", "RepairShop.Server\RepairShop.Server.csproj", "{80BA1C88-E61B-46F2-9E90-9B9C5A5EA76E}"
EndProject
Global
	GlobalSection(SolutionConfigurationPlatforms) = preSolution
		Debug|Any CPU = Debug|Any CPU
		Debug|x64 = Debug|x64
		Debug|x86 = Debug|x86
		Release|Any CPU = Release|Any CPU
		Release|x64 = Release|x64
		Release|x86 = Release|x86
	EndGlobalSection
	GlobalSection(SolutionProperties) = preSolution
		HideSolutionNode = FALSE
	EndGlobalSection
	GlobalSection(ProjectConfigurationPlatforms) = postSolution
		{3A8B1245-DF44-45A9-86A9-605D26619508}.Debug|Any CPU.ActiveCfg = Debug|Any CPU
		{3A8B1245-DF44-45A9-86A9-605D26619508}.Debug|Any CPU.Build.0 = Debug|Any CPU
		{3A8B1245-DF44-45A9-86A9-605D26619508}.Debug|x64.ActiveCfg = Debug|Any CPU
		{3A8B1245-DF44-45A9-86A9-605D26619508}.Debug|x64.Build.0 = Debug|Any CPU
		{3A8B1245-DF44-45A9-86A9-605D26619508}.Debug|x86.ActiveCfg = Debug|Any CPU
		{3A8B1245-DF44-45A9-86A9-605D26619508}.Debug|x86.Build.0 = Debug|Any CPU
		{3A8B1245-DF44-45A9-86A9-605D26619508}.Release|Any CPU.ActiveCfg = Release|Any CPU
		{3A8B1245-DF44-45A9-86A9-605D26619508}.Release|Any CPU.Build.0 = Release|Any CPU
		{3A8B1245-DF44-45A9-86A9-605D26619508}.Release|x64.ActiveCfg = Release|Any CPU
		{3A8B1245-DF44-45A9-86A9-605D26619508}.Release|x64.Build.0 = Release|Any CPU
		{3A8B1245-DF44-45A9-86A9-605D26619508}.Release|x86.ActiveCfg = Release|Any CPU
		{3A8B1245-DF44-45A9-86A9-605D26619508}.Release|x86.Build.0 = Release|Any CPU
		{AB1DCECB-B5B0-447F-8BF5-CF1B278FC1AE}.Debug|Any CPU.ActiveCfg = Debug|Any CPU
		{AB1DCECB-B5B0-447F-8BF5-CF1B278FC1AE}.Debug|Any CPU.Build.0 = Debug|Any CPU
		{AB1DCECB-B5B0-447F-8BF5-CF1B278FC1AE}.Debug|x64.ActiveCfg = Debug|Any CPU
		{AB1DCECB-B5B0-447F-8BF5-CF1B278FC1AE}.Debug|x64.Build.0 = Debug|Any CPU
		{AB1DCECB-B5B0-447F-8BF5-CF1B278FC1AE}.Debug|x86.ActiveCfg = Debug|Any CPU
		{AB1DCECB-B5B0-447F-8BF5-CF1B278FC1AE}.Debug|x86.Build.0 = Debug|Any CPU
		{AB1DCECB-B5B0-447F-8BF5-CF1B278FC1AE}.Release|Any CPU.ActiveCfg = Release|Any CPU
		{AB1DCECB-B5B0-447F-8BF5-CF1B278FC1AE}.Release|Any CPU.Build.0 = Release|Any CPU
		{AB1DCECB-B5B0-447F-8BF5-CF1B278FC1AE}.Release|x64.ActiveCfg = Release|Any CPU
		{AB1DCECB-B5B0-447F-8BF5-CF1B278FC1AE}.Release|x64.Build.0 = Release|Any CPU
		{AB1DCECB-B5B0-447F-8BF5-CF1B278FC1AE}.Release|x86.ActiveCfg = Release|Any CPU
		{AB1DCECB-B5B0-447F-8BF5-CF1B278FC1AE}.Release|x86.Build.0 = Release|Any CPU
		{80BA1C88-E61B-46F2-9E90-9B9C5A5EA76E}.Debug|Any CPU.ActiveCfg = Debug|Any CPU
		{80BA1C88-E61B-46F2-9E90-9B9C5A5EA76E}.Debug|Any CPU.Build.0 = Debug|Any CPU
		{80BA1C88-E61B-46F2-9E90-9B9C5A5EA76E}.Debug|x64.ActiveCfg = Debug|Any CPU
		{80BA1C88-E61B-46F2-9E90-9B9C5A5EA76E}.Debug|x64.Build.0 = Debug|Any CPU
		{80BA1C88-E61B-46F2-9E90-9B9C5A5EA76E}.Debug|x86.ActiveCfg = Debug|Any CPU
		{80BA1C88-E61B-46F2-9E90-9B9C5A5EA76E}.Debug|x86.Build.0 = Debug|Any CPU
		{80BA1C88-E61B-46F2-9E90-9B9C5A5EA76E}.Release|Any CPU.ActiveCfg = Release|Any CPU
		{80BA1C88-E61B-46F2-9E90-9B9C5A5EA76E}.Release|Any CPU.Build.0 = Release|Any CPU
		{80BA1C88-E61B-46F2-9E90-9B9C5A5EA76E}.Release|x64.ActiveCfg = Release|Any CPU
		{80BA1C88-E61B-46F2-9E90-9B9C5A5EA76E}.Release|x64.Build.0 = Release|Any CPU
		{80BA1C88-E61B-46F2-9E90-9B9C5A5EA76E}.Release|x86.ActiveCfg = Release|Any CPU
		{80BA1C88-E61B-46F2-9E90-9B9C5A5EA76E}.Release|x86.Build.0 = Release|Any CPU
	EndGlobalSection
EndGlobal
